
Microsoft Visual Studio Solution File, Format Version 12.00
# Visual Studio Version 17
VisualStudioVersion = 17.3.32811.315
MinimumVisualStudioVersion = 10.0.40219.1
Project("{9A19103F-16F7-4668-BE54-9A1E7A4F7556}") = "DrvPingJP.Logic", "DrvPingJP.Logic\DrvPingJP.Logic.csproj", "{5841F877-B5C3-4DA0-9616-87D3F1181B7F}"
EndProject
Project("{D954291E-2A0B-460D-934E-DC6B0785DB48}") = "DrvPingJP.Shared", "DrvPingJP.Shared\DrvPingJP.Shared.shproj", "{CD84A331-717C-4275-B990-231E58BE0D19}"
EndProject
Project("{9A19103F-16F7-4668-BE54-9A1E7A4F7556}") = "DrvPingJP.View", "DrvPingJP.View\DrvPingJP.View.csproj", "{05539AFE-F0E4-4F6B-8022-6A325C9C64EF}"
EndProject
Project("{9A19103F-16F7-4668-BE54-9A1E7A4F7556}") = "DrvPingJP.WinForm", "DrvPingJP.WinForm\DrvPingJP.WinForm.csproj", "{FE1B80A9-AECB-492B-B878-0C0C3C0796DC}"
EndProject
Project("{9A19103F-16F7-4668-BE54-9A1E7A4F7556}") = "DrvPingJP.Console", "DrvPingJP.Console\DrvPingJP.Console.csproj", "{20EE8D4C-F68A-42D2-A785-BEB9178606BE}"
EndProject
Global
	GlobalSection(SolutionConfigurationPlatforms) = preSolution
		Debug|Any CPU = Debug|Any CPU
		Release|Any CPU = Release|Any CPU
	EndGlobalSection
	GlobalSection(ProjectConfigurationPlatforms) = postSolution
		{5841F877-B5C3-4DA0-9616-87D3F1181B7F}.Debug|Any CPU.ActiveCfg = Debug|Any CPU
		{5841F877-B5C3-4DA0-9616-87D3F1181B7F}.Debug|Any CPU.Build.0 = Debug|Any CPU
		{5841F877-B5C3-4DA0-9616-87D3F1181B7F}.Release|Any CPU.ActiveCfg = Release|Any CPU
		{5841F877-B5C3-4DA0-9616-87D3F1181B7F}.Release|Any CPU.Build.0 = Release|Any CPU
		{05539AFE-F0E4-4F6B-8022-6A325C9C64EF}.Debug|Any CPU.ActiveCfg = Debug|Any CPU
		{05539AFE-F0E4-4F6B-8022-6A325C9C64EF}.Debug|Any CPU.Build.0 = Debug|Any CPU
		{05539AFE-F0E4-4F6B-8022-6A325C9C64EF}.Release|Any CPU.ActiveCfg = Release|Any CPU
		{05539AFE-F0E4-4F6B-8022-6A325C9C64EF}.Release|Any CPU.Build.0 = Release|Any CPU
		{FE1B80A9-AECB-492B-B878-0C0C3C0796DC}.Debug|Any CPU.ActiveCfg = Debug|Any CPU
		{FE1B80A9-AECB-492B-B878-0C0C3C0796DC}.Debug|Any CPU.Build.0 = Debug|Any CPU
		{FE1B80A9-AECB-492B-B878-0C0C3C0796DC}.Release|Any CPU.ActiveCfg = Release|Any CPU
		{FE1B80A9-AECB-492B-B878-0C0C3C0796DC}.Release|Any CPU.Build.0 = Release|Any CPU
		{20EE8D4C-F68A-42D2-A785-BEB9178606BE}.Debug|Any CPU.ActiveCfg = Debug|Any CPU
		{20EE8D4C-F68A-42D2-A785-BEB9178606BE}.Debug|Any CPU.Build.0 = Debug|Any CPU
		{20EE8D4C-F68A-42D2-A785-BEB9178606BE}.Release|Any CPU.ActiveCfg = Release|Any CPU
		{20EE8D4C-F68A-42D2-A785-BEB9178606BE}.Release|Any CPU.Build.0 = Release|Any CPU
	EndGlobalSection
	GlobalSection(SolutionProperties) = preSolution
		HideSolutionNode = FALSE
	EndGlobalSection
	GlobalSection(ExtensibilityGlobals) = postSolution
		SolutionGuid = {CD17063E-6627-4526-A328-18AEF48A0583}
	EndGlobalSection
	GlobalSection(SharedMSBuildProjectFiles) = preSolution
		DrvPingJP.Shared\DrvPing.Shared.projitems*{05539afe-f0e4-4f6b-8022-6a325c9c64ef}*SharedItemsImports = 5
		DrvPingJP.Shared\DrvPing.Shared.projitems*{20ee8d4c-f68a-42d2-a785-beb9178606be}*SharedItemsImports = 5
		DrvPingJP.Shared\DrvPing.Shared.projitems*{5841f877-b5c3-4da0-9616-87d3f1181b7f}*SharedItemsImports = 5
		DrvPingJP.Shared\DrvPing.Shared.projitems*{cd84a331-717c-4275-b990-231e58be0d19}*SharedItemsImports = 13
	EndGlobalSection
EndGlobal
